// !$*UTF8*$!
{
	archiveVersion = 1;
	classes = {
	};
	objectVersion = 56;
	objects = {

/* Begin PBXBuildFile section */
		B2730BEF2A94D17C0019F93A /* CoinAppSwiftUIApp.swift in Sources */ = {isa = PBXBuildFile; fileRef = B2730BEE2A94D17C0019F93A /* CoinAppSwiftUIApp.swift */; };
		B2730BF32A94D17D0019F93A /* Assets.xcassets in Resources */ = {isa = PBXBuildFile; fileRef = B2730BF22A94D17D0019F93A /* Assets.xcassets */; };
		B2730BF62A94D17D0019F93A /* Preview Assets.xcassets in Resources */ = {isa = PBXBuildFile; fileRef = B2730BF52A94D17D0019F93A /* Preview Assets.xcassets */; };
		B2730C052A94D24B0019F93A /* MarketView.swift in Sources */ = {isa = PBXBuildFile; fileRef = B2730C042A94D24B0019F93A /* MarketView.swift */; };
		B2730C072A94D2650019F93A /* MarketService.swift in Sources */ = {isa = PBXBuildFile; fileRef = B2730C062A94D2650019F93A /* MarketService.swift */; };
		B2730C092A94D2740019F93A /* MarketViewModel.swift in Sources */ = {isa = PBXBuildFile; fileRef = B2730C082A94D2740019F93A /* MarketViewModel.swift */; };
		B2A5D0E72A96716B00208BCB /* DetailItemView.swift in Sources */ = {isa = PBXBuildFile; fileRef = B2A5D0E62A96716B00208BCB /* DetailItemView.swift */; };
		B2AAD2312A9662170086B842 /* CustomChartView.swift in Sources */ = {isa = PBXBuildFile; fileRef = B2AAD2302A9662170086B842 /* CustomChartView.swift */; };
		B2AAD2332A9662800086B842 /* Date+Extension.swift in Sources */ = {isa = PBXBuildFile; fileRef = B2AAD2322A9662800086B842 /* Date+Extension.swift */; };
		B2CAC9892A94D40600901079 /* ApiConstants.swift in Sources */ = {isa = PBXBuildFile; fileRef = B2CAC9882A94D40600901079 /* ApiConstants.swift */; };
		B2CAC98B2A94DD2D00901079 /* Coin.swift in Sources */ = {isa = PBXBuildFile; fileRef = B2CAC98A2A94DD2D00901079 /* Coin.swift */; };
		B2CAC9932A95073A00901079 /* DetailView.swift in Sources */ = {isa = PBXBuildFile; fileRef = B2CAC9922A95073A00901079 /* DetailView.swift */; };
		B2E2F6972A960829009DE442 /* CoinRowView.swift in Sources */ = {isa = PBXBuildFile; fileRef = B2E2F6962A960829009DE442 /* CoinRowView.swift */; };
		B2E2F69A2A9608AE009DE442 /* CircularNetworkImage.swift in Sources */ = {isa = PBXBuildFile; fileRef = B2E2F6992A9608AE009DE442 /* CircularNetworkImage.swift */; };
		B2E2F69D2A960BC0009DE442 /* Double+Extension.swift in Sources */ = {isa = PBXBuildFile; fileRef = B2E2F69C2A960BC0009DE442 /* Double+Extension.swift */; };
		B2E2F6A12A960FE3009DE442 /* NetworkClient.swift in Sources */ = {isa = PBXBuildFile; fileRef = B2E2F6A02A960FE3009DE442 /* NetworkClient.swift */; };
		B2E2F6A42A964DBA009DE442 /* ImageSizes.swift in Sources */ = {isa = PBXBuildFile; fileRef = B2E2F6A32A964DBA009DE442 /* ImageSizes.swift */; };
/* End PBXBuildFile section */

/* Begin PBXFileReference section */
		B2730BEB2A94D17C0019F93A /* CoinAppSwiftUI.app */ = {isa = PBXFileReference; explicitFileType = wrapper.application; includeInIndex = 0; path = CoinAppSwiftUI.app; sourceTree = BUILT_PRODUCTS_DIR; };
		B2730BEE2A94D17C0019F93A /* CoinAppSwiftUIApp.swift */ = {isa = PBXFileReference; lastKnownFileType = sourcecode.swift; path = CoinAppSwiftUIApp.swift; sourceTree = "<group>"; };
		B2730BF22A94D17D0019F93A /* Assets.xcassets */ = {isa = PBXFileReference; lastKnownFileType = folder.assetcatalog; path = Assets.xcassets; sourceTree = "<group>"; };
		B2730BF52A94D17D0019F93A /* Preview Assets.xcassets */ = {isa = PBXFileReference; lastKnownFileType = folder.assetcatalog; path = "Preview Assets.xcassets"; sourceTree = "<group>"; };
		B2730C042A94D24B0019F93A /* MarketView.swift */ = {isa = PBXFileReference; lastKnownFileType = sourcecode.swift; path = MarketView.swift; sourceTree = "<group>"; };
		B2730C062A94D2650019F93A /* MarketService.swift */ = {isa = PBXFileReference; lastKnownFileType = sourcecode.swift; path = MarketService.swift; sourceTree = "<group>"; };
		B2730C082A94D2740019F93A /* MarketViewModel.swift */ = {isa = PBXFileReference; lastKnownFileType = sourcecode.swift; path = MarketViewModel.swift; sourceTree = "<group>"; };
		B2A5D0E62A96716B00208BCB /* DetailItemView.swift */ = {isa = PBXFileReference; lastKnownFileType = sourcecode.swift; path = DetailItemView.swift; sourceTree = "<group>"; };
		B2AAD2302A9662170086B842 /* CustomChartView.swift */ = {isa = PBXFileReference; lastKnownFileType = sourcecode.swift; path = CustomChartView.swift; sourceTree = "<group>"; };
		B2AAD2322A9662800086B842 /* Date+Extension.swift */ = {isa = PBXFileReference; lastKnownFileType = sourcecode.swift; path = "Date+Extension.swift"; sourceTree = "<group>"; };
		B2CAC9882A94D40600901079 /* ApiConstants.swift */ = {isa = PBXFileReference; lastKnownFileType = sourcecode.swift; path = ApiConstants.swift; sourceTree = "<group>"; };
		B2CAC98A2A94DD2D00901079 /* Coin.swift */ = {isa = PBXFileReference; lastKnownFileType = sourcecode.swift; path = Coin.swift; sourceTree = "<group>"; };
		B2CAC9922A95073A00901079 /* DetailView.swift */ = {isa = PBXFileReference; lastKnownFileType = sourcecode.swift; path = DetailView.swift; sourceTree = "<group>"; };
		B2E2F6962A960829009DE442 /* CoinRowView.swift */ = {isa = PBXFileReference; lastKnownFileType = sourcecode.swift; path = CoinRowView.swift; sourceTree = "<group>"; };
		B2E2F6992A9608AE009DE442 /* CircularNetworkImage.swift */ = {isa = PBXFileReference; lastKnownFileType = sourcecode.swift; path = CircularNetworkImage.swift; sourceTree = "<group>"; };
		B2E2F69C2A960BC0009DE442 /* Double+Extension.swift */ = {isa = PBXFileReference; lastKnownFileType = sourcecode.swift; path = "Double+Extension.swift"; sourceTree = "<group>"; };
		B2E2F6A02A960FE3009DE442 /* NetworkClient.swift */ = {isa = PBXFileReference; lastKnownFileType = sourcecode.swift; path = NetworkClient.swift; sourceTree = "<group>"; };
		B2E2F6A32A964DBA009DE442 /* ImageSizes.swift */ = {isa = PBXFileReference; lastKnownFileType = sourcecode.swift; path = ImageSizes.swift; sourceTree = "<group>"; };
/* End PBXFileReference section */

/* Begin PBXFrameworksBuildPhase section */
		B2730BE82A94D17C0019F93A /* Frameworks */ = {
			isa = PBXFrameworksBuildPhase;
			buildActionMask = 2147483647;
			files = (
			);
			runOnlyForDeploymentPostprocessing = 0;
		};
/* End PBXFrameworksBuildPhase section */

/* Begin PBXGroup section */
		B2730BE22A94D17C0019F93A = {
			isa = PBXGroup;
			children = (
				B2730BED2A94D17C0019F93A /* CoinAppSwiftUI */,
				B2730BEC2A94D17C0019F93A /* Products */,
			);
			sourceTree = "<group>";
		};
		B2730BEC2A94D17C0019F93A /* Products */ = {
			isa = PBXGroup;
			children = (
				B2730BEB2A94D17C0019F93A /* CoinAppSwiftUI.app */,
			);
			name = Products;
			sourceTree = "<group>";
		};
		B2730BED2A94D17C0019F93A /* CoinAppSwiftUI */ = {
			isa = PBXGroup;
			children = (
				B2730BEE2A94D17C0019F93A /* CoinAppSwiftUIApp.swift */,
				B2730BFE2A94D1A00019F93A /* App */,
				B2730BFC2A94D18A0019F93A /* Core */,
				B2730BFD2A94D1970019F93A /* Feature */,
				B2730BF22A94D17D0019F93A /* Assets.xcassets */,
				B2730BF42A94D17D0019F93A /* Preview Content */,
			);
			path = CoinAppSwiftUI;
			sourceTree = "<group>";
		};
		B2730BF42A94D17D0019F93A /* Preview Content */ = {
			isa = PBXGroup;
			children = (
				B2730BF52A94D17D0019F93A /* Preview Assets.xcassets */,
			);
			path = "Preview Content";
			sourceTree = "<group>";
		};
		B2730BFC2A94D18A0019F93A /* Core */ = {
			isa = PBXGroup;
			children = (
				B2E2F69E2A960FD0009DE442 /* Clients */,
				B2E2F69B2A960BA3009DE442 /* Extensions */,
			);
			path = Core;
			sourceTree = "<group>";
		};
		B2730BFD2A94D1970019F93A /* Feature */ = {
			isa = PBXGroup;
			children = (
				B2CAC9902A95072200901079 /* Detail */,
				B2730BFF2A94D1BF0019F93A /* Market */,
			);
			path = Feature;
			sourceTree = "<group>";
		};
		B2730BFE2A94D1A00019F93A /* App */ = {
			isa = PBXGroup;
			children = (
				B2E2F6982A96089E009DE442 /* Components */,
				B2CAC9872A94D3EE00901079 /* Constants */,
				B2E2F6A22A964DAD009DE442 /* Sizes */,
			);
			path = App;
			sourceTree = "<group>";
		};
		B2730BFF2A94D1BF0019F93A /* Market */ = {
			isa = PBXGroup;
			children = (
				B2E2F6952A960800009DE442 /* Components */,
				B2730C022A94D1CF0019F93A /* Model */,
				B2730C032A94D1DF0019F93A /* Service */,
				B2730C002A94D1C50019F93A /* View */,
				B2730C012A94D1CA0019F93A /* ViewModel */,
			);
			path = Market;
			sourceTree = "<group>";
		};
		B2730C002A94D1C50019F93A /* View */ = {
			isa = PBXGroup;
			children = (
				B2730C042A94D24B0019F93A /* MarketView.swift */,
			);
			path = View;
			sourceTree = "<group>";
		};
		B2730C012A94D1CA0019F93A /* ViewModel */ = {
			isa = PBXGroup;
			children = (
				B2730C082A94D2740019F93A /* MarketViewModel.swift */,
			);
			path = ViewModel;
			sourceTree = "<group>";
		};
		B2730C022A94D1CF0019F93A /* Model */ = {
			isa = PBXGroup;
			children = (
				B2CAC98A2A94DD2D00901079 /* Coin.swift */,
			);
			path = Model;
			sourceTree = "<group>";
		};
		B2730C032A94D1DF0019F93A /* Service */ = {
			isa = PBXGroup;
			children = (
				B2730C062A94D2650019F93A /* MarketService.swift */,
			);
			path = Service;
			sourceTree = "<group>";
		};
		B2AAD22F2A96620A0086B842 /* Components */ = {
			isa = PBXGroup;
			children = (
				B2AAD2302A9662170086B842 /* CustomChartView.swift */,
				B2A5D0E62A96716B00208BCB /* DetailItemView.swift */,
			);
			path = Components;
			sourceTree = "<group>";
		};
		B2CAC9872A94D3EE00901079 /* Constants */ = {
			isa = PBXGroup;
			children = (
				B2CAC9882A94D40600901079 /* ApiConstants.swift */,
			);
			path = Constants;
			sourceTree = "<group>";
		};
		B2CAC9902A95072200901079 /* Detail */ = {
			isa = PBXGroup;
			children = (
				B2AAD22F2A96620A0086B842 /* Components */,
				B2CAC9912A95073000901079 /* View */,
			);
			path = Detail;
			sourceTree = "<group>";
		};
		B2CAC9912A95073000901079 /* View */ = {
			isa = PBXGroup;
			children = (
				B2CAC9922A95073A00901079 /* DetailView.swift */,
			);
			path = View;
			sourceTree = "<group>";
		};
		B2E2F6952A960800009DE442 /* Components */ = {
			isa = PBXGroup;
			children = (
				B2E2F6962A960829009DE442 /* CoinRowView.swift */,
			);
			path = Components;
			sourceTree = "<group>";
		};
		B2E2F6982A96089E009DE442 /* Components */ = {
			isa = PBXGroup;
			children = (
				B2E2F6992A9608AE009DE442 /* CircularNetworkImage.swift */,
			);
			path = Components;
			sourceTree = "<group>";
		};
		B2E2F69B2A960BA3009DE442 /* Extensions */ = {
			isa = PBXGroup;
			children = (
				B2E2F69C2A960BC0009DE442 /* Double+Extension.swift */,
				B2AAD2322A9662800086B842 /* Date+Extension.swift */,
			);
			path = Extensions;
			sourceTree = "<group>";
		};
		B2E2F69E2A960FD0009DE442 /* Clients */ = {
			isa = PBXGroup;
			children = (
				B2E2F69F2A960FD5009DE442 /* Network */,
			);
			path = Clients;
			sourceTree = "<group>";
		};
		B2E2F69F2A960FD5009DE442 /* Network */ = {
			isa = PBXGroup;
			children = (
				B2E2F6A02A960FE3009DE442 /* NetworkClient.swift */,
			);
			path = Network;
			sourceTree = "<group>";
		};
		B2E2F6A22A964DAD009DE442 /* Sizes */ = {
			isa = PBXGroup;
			children = (
				B2E2F6A32A964DBA009DE442 /* ImageSizes.swift */,
			);
			path = Sizes;
			sourceTree = "<group>";
		};
/* End PBXGroup section */

/* Begin PBXNativeTarget section */
		B2730BEA2A94D17C0019F93A /* CoinAppSwiftUI */ = {
			isa = PBXNativeTarget;
			buildConfigurationList = B2730BF92A94D17D0019F93A /* Build configuration list for PBXNativeTarget "CoinAppSwiftUI" */;
			buildPhases = (
				B2730BE72A94D17C0019F93A /* Sources */,
				B2730BE82A94D17C0019F93A /* Frameworks */,
				B2730BE92A94D17C0019F93A /* Resources */,
			);
			buildRules = (
			);
			dependencies = (
			);
			name = CoinAppSwiftUI;
			productName = CoinAppSwiftUI;
			productReference = B2730BEB2A94D17C0019F93A /* CoinAppSwiftUI.app */;
			productType = "com.apple.product-type.application";
		};
/* End PBXNativeTarget section */

/* Begin PBXProject section */
		B2730BE32A94D17C0019F93A /* Project object */ = {
			isa = PBXProject;
			attributes = {
				BuildIndependentTargetsInParallel = 1;
				LastSwiftUpdateCheck = 1430;
				LastUpgradeCheck = 1430;
				TargetAttributes = {
					B2730BEA2A94D17C0019F93A = {
						CreatedOnToolsVersion = 14.3.1;
					};
				};
			};
			buildConfigurationList = B2730BE62A94D17C0019F93A /* Build configuration list for PBXProject "CoinAppSwiftUI" */;
			compatibilityVersion = "Xcode 14.0";
			developmentRegion = en;
			hasScannedForEncodings = 0;
			knownRegions = (
				en,
				Base,
			);
			mainGroup = B2730BE22A94D17C0019F93A;
			productRefGroup = B2730BEC2A94D17C0019F93A /* Products */;
			projectDirPath = "";
			projectRoot = "";
			targets = (
				B2730BEA2A94D17C0019F93A /* CoinAppSwiftUI */,
			);
		};
/* End PBXProject section */

/* Begin PBXResourcesBuildPhase section */
		B2730BE92A94D17C0019F93A /* Resources */ = {
			isa = PBXResourcesBuildPhase;
			buildActionMask = 2147483647;
			files = (
				B2730BF62A94D17D0019F93A /* Preview Assets.xcassets in Resources */,
				B2730BF32A94D17D0019F93A /* Assets.xcassets in Resources */,
			);
			runOnlyForDeploymentPostprocessing = 0;
		};
/* End PBXResourcesBuildPhase section */

/* Begin PBXSourcesBuildPhase section */
		B2730BE72A94D17C0019F93A /* Sources */ = {
			isa = PBXSourcesBuildPhase;
			buildActionMask = 2147483647;
			files = (
				B2E2F6A42A964DBA009DE442 /* ImageSizes.swift in Sources */,
				B2AAD2312A9662170086B842 /* CustomChartView.swift in Sources */,
				B2E2F6972A960829009DE442 /* CoinRowView.swift in Sources */,
				B2CAC98B2A94DD2D00901079 /* Coin.swift in Sources */,
				B2E2F69A2A9608AE009DE442 /* CircularNetworkImage.swift in Sources */,
				B2E2F6A12A960FE3009DE442 /* NetworkClient.swift in Sources */,
				B2730C092A94D2740019F93A /* MarketViewModel.swift in Sources */,
				B2730BEF2A94D17C0019F93A /* CoinAppSwiftUIApp.swift in Sources */,
				B2CAC9892A94D40600901079 /* ApiConstants.swift in Sources */,
				B2730C052A94D24B0019F93A /* MarketView.swift in Sources */,
				B2730C072A94D2650019F93A /* MarketService.swift in Sources */,
				B2AAD2332A9662800086B842 /* Date+Extension.swift in Sources */,
				B2A5D0E72A96716B00208BCB /* DetailItemView.swift in Sources */,
				B2E2F69D2A960BC0009DE442 /* Double+Extension.swift in Sources */,
				B2CAC9932A95073A00901079 /* DetailView.swift in Sources */,
			);
			runOnlyForDeploymentPostprocessing = 0;
		};
/* End PBXSourcesBuildPhase section */

/* Begin XCBuildConfiguration section */
		B2730BF72A94D17D0019F93A /* Debug */ = {
			isa = XCBuildConfiguration;
			buildSettings = {
				ALWAYS_SEARCH_USER_PATHS = NO;
				CLANG_ANALYZER_NONNULL = YES;
				CLANG_ANALYZER_NUMBER_OBJECT_CONVERSION = YES_AGGRESSIVE;
				CLANG_CXX_LANGUAGE_STANDARD = "gnu++20";
				CLANG_ENABLE_MODULES = YES;
				CLANG_ENABLE_OBJC_ARC = YES;
				CLANG_ENABLE_OBJC_WEAK = YES;
				CLANG_WARN_BLOCK_CAPTURE_AUTORELEASING = YES;
				CLANG_WARN_BOOL_CONVERSION = YES;
				CLANG_WARN_COMMA = YES;
				CLANG_WARN_CONSTANT_CONVERSION = YES;
				CLANG_WARN_DEPRECATED_OBJC_IMPLEMENTATIONS = YES;
				CLANG_WARN_DIRECT_OBJC_ISA_USAGE = YES_ERROR;
				CLANG_WARN_DOCUMENTATION_COMMENTS = YES;
				CLANG_WARN_EMPTY_BODY = YES;
				CLANG_WARN_ENUM_CONVERSION = YES;
				CLANG_WARN_INFINITE_RECURSION = YES;
				CLANG_WARN_INT_CONVERSION = YES;
				CLANG_WARN_NON_LITERAL_NULL_CONVERSION = YES;
				CLANG_WARN_OBJC_IMPLICIT_RETAIN_SELF = YES;
				CLANG_WARN_OBJC_LITERAL_CONVERSION = YES;
				CLANG_WARN_OBJC_ROOT_CLASS = YES_ERROR;
				CLANG_WARN_QUOTED_INCLUDE_IN_FRAMEWORK_HEADER = YES;
				CLANG_WARN_RANGE_LOOP_ANALYSIS = YES;
				CLANG_WARN_STRICT_PROTOTYPES = YES;
				CLANG_WARN_SUSPICIOUS_MOVE = YES;
				CLANG_WARN_UNGUARDED_AVAILABILITY = YES_AGGRESSIVE;
				CLANG_WARN_UNREACHABLE_CODE = YES;
				CLANG_WARN__DUPLICATE_METHOD_MATCH = YES;
				COPY_PHASE_STRIP = NO;
				DEBUG_INFORMATION_FORMAT = dwarf;
				ENABLE_STRICT_OBJC_MSGSEND = YES;
				ENABLE_TESTABILITY = YES;
				GCC_C_LANGUAGE_STANDARD = gnu11;
				GCC_DYNAMIC_NO_PIC = NO;
				GCC_NO_COMMON_BLOCKS = YES;
				GCC_OPTIMIZATION_LEVEL = 0;
				GCC_PREPROCESSOR_DEFINITIONS = (
					"DEBUG=1",
					"$(inherited)",
				);
				GCC_WARN_64_TO_32_BIT_CONVERSION = YES;
				GCC_WARN_ABOUT_RETURN_TYPE = YES_ERROR;
				GCC_WARN_UNDECLARED_SELECTOR = YES;
				GCC_WARN_UNINITIALIZED_AUTOS = YES_AGGRESSIVE;
				GCC_WARN_UNUSED_FUNCTION = YES;
				GCC_WARN_UNUSED_VARIABLE = YES;
				IPHONEOS_DEPLOYMENT_TARGET = 16.4;
				MTL_ENABLE_DEBUG_INFO = INCLUDE_SOURCE;
				MTL_FAST_MATH = YES;
				ONLY_ACTIVE_ARCH = YES;
				SDKROOT = iphoneos;
				SWIFT_ACTIVE_COMPILATION_CONDITIONS = DEBUG;
				SWIFT_OPTIMIZATION_LEVEL = "-Onone";
			};
			name = Debug;
		};
		B2730BF82A94D17D0019F93A /* Release */ = {
			isa = XCBuildConfiguration;
			buildSettings = {
				ALWAYS_SEARCH_USER_PATHS = NO;
				CLANG_ANALYZER_NONNULL = YES;
				CLANG_ANALYZER_NUMBER_OBJECT_CONVERSION = YES_AGGRESSIVE;
				CLANG_CXX_LANGUAGE_STANDARD = "gnu++20";
				CLANG_ENABLE_MODULES = YES;
				CLANG_ENABLE_OBJC_ARC = YES;
				CLANG_ENABLE_OBJC_WEAK = YES;
				CLANG_WARN_BLOCK_CAPTURE_AUTORELEASING = YES;
				CLANG_WARN_BOOL_CONVERSION = YES;
				CLANG_WARN_COMMA = YES;
				CLANG_WARN_CONSTANT_CONVERSION = YES;
				CLANG_WARN_DEPRECATED_OBJC_IMPLEMENTATIONS = YES;
				CLANG_WARN_DIRECT_OBJC_ISA_USAGE = YES_ERROR;
				CLANG_WARN_DOCUMENTATION_COMMENTS = YES;
				CLANG_WARN_EMPTY_BODY = YES;
				CLANG_WARN_ENUM_CONVERSION = YES;
				CLANG_WARN_INFINITE_RECURSION = YES;
				CLANG_WARN_INT_CONVERSION = YES;
				CLANG_WARN_NON_LITERAL_NULL_CONVERSION = YES;
				CLANG_WARN_OBJC_IMPLICIT_RETAIN_SELF = YES;
				CLANG_WARN_OBJC_LITERAL_CONVERSION = YES;
				CLANG_WARN_OBJC_ROOT_CLASS = YES_ERROR;
				CLANG_WARN_QUOTED_INCLUDE_IN_FRAMEWORK_HEADER = YES;
				CLANG_WARN_RANGE_LOOP_ANALYSIS = YES;
				CLANG_WARN_STRICT_PROTOTYPES = YES;
				CLANG_WARN_SUSPICIOUS_MOVE = YES;
				CLANG_WARN_UNGUARDED_AVAILABILITY = YES_AGGRESSIVE;
				CLANG_WARN_UNREACHABLE_CODE = YES;
				CLANG_WARN__DUPLICATE_METHOD_MATCH = YES;
				COPY_PHASE_STRIP = NO;
				DEBUG_INFORMATION_FORMAT = "dwarf-with-dsym";
				ENABLE_NS_ASSERTIONS = NO;
				ENABLE_STRICT_OBJC_MSGSEND = YES;
				GCC_C_LANGUAGE_STANDARD = gnu11;
				GCC_NO_COMMON_BLOCKS = YES;
				GCC_WARN_64_TO_32_BIT_CONVERSION = YES;
				GCC_WARN_ABOUT_RETURN_TYPE = YES_ERROR;
				GCC_WARN_UNDECLARED_SELECTOR = YES;
				GCC_WARN_UNINITIALIZED_AUTOS = YES_AGGRESSIVE;
				GCC_WARN_UNUSED_FUNCTION = YES;
				GCC_WARN_UNUSED_VARIABLE = YES;
				IPHONEOS_DEPLOYMENT_TARGET = 16.4;
				MTL_ENABLE_DEBUG_INFO = NO;
				MTL_FAST_MATH = YES;
				SDKROOT = iphoneos;
				SWIFT_COMPILATION_MODE = wholemodule;
				SWIFT_OPTIMIZATION_LEVEL = "-O";
				VALIDATE_PRODUCT = YES;
			};
			name = Release;
		};
		B2730BFA2A94D17D0019F93A /* Debug */ = {
			isa = XCBuildConfiguration;
			buildSettings = {
				ASSETCATALOG_COMPILER_APPICON_NAME = AppIcon;
				ASSETCATALOG_COMPILER_GLOBAL_ACCENT_COLOR_NAME = AccentColor;
				CODE_SIGN_STYLE = Automatic;
				CURRENT_PROJECT_VERSION = 1;
				DEVELOPMENT_ASSET_PATHS = "\"CoinAppSwiftUI/Preview Content\"";
				DEVELOPMENT_TEAM = 3PPSAUCCF4;
				ENABLE_PREVIEWS = YES;
				GENERATE_INFOPLIST_FILE = YES;
				INFOPLIST_KEY_UIApplicationSceneManifest_Generation = YES;
				INFOPLIST_KEY_UIApplicationSupportsIndirectInputEvents = YES;
				INFOPLIST_KEY_UILaunchScreen_Generation = YES;
				INFOPLIST_KEY_UISupportedInterfaceOrientations = UIInterfaceOrientationPortrait;
				IPHONEOS_DEPLOYMENT_TARGET = 15.0;
				LD_RUNPATH_SEARCH_PATHS = (
					"$(inherited)",
					"@executable_path/Frameworks",
				);
				MARKETING_VERSION = 1.0;
				PRODUCT_BUNDLE_IDENTIFIER = com.cem256.CoinAppSwiftUI;
				PRODUCT_NAME = "$(TARGET_NAME)";
				SUPPORTED_PLATFORMS = "iphoneos iphonesimulator";
				SUPPORTS_MACCATALYST = NO;
				SUPPORTS_MAC_DESIGNED_FOR_IPHONE_IPAD = NO;
				SWIFT_EMIT_LOC_STRINGS = YES;
				SWIFT_VERSION = 5.0;
				TARGETED_DEVICE_FAMILY = "1,2";
			};
			name = Debug;
		};
		B2730BFB2A94D17D0019F93A /* Release */ = {
			isa = XCBuildConfiguration;
			buildSettings = {
				ASSETCATALOG_COMPILER_APPICON_NAME = AppIcon;
				ASSETCATALOG_COMPILER_GLOBAL_ACCENT_COLOR_NAME = AccentColor;
				CODE_SIGN_STYLE = Automatic;
				CURRENT_PROJECT_VERSION = 1;
				DEVELOPMENT_ASSET_PATHS = "\"CoinAppSwiftUI/Preview Content\"";
				DEVELOPMENT_TEAM = 3PPSAUCCF4;
				ENABLE_PREVIEWS = YES;
				GENERATE_INFOPLIST_FILE = YES;
				INFOPLIST_KEY_UIApplicationSceneManifest_Generation = YES;
				INFOPLIST_KEY_UIApplicationSupportsIndirectInputEvents = YES;
				INFOPLIST_KEY_UILaunchScreen_Generation = YES;
				INFOPLIST_KEY_UISupportedInterfaceOrientations = UIInterfaceOrientationPortrait;
				IPHONEOS_DEPLOYMENT_TARGET = 15.0;
				LD_RUNPATH_SEARCH_PATHS = (
					"$(inherited)",
					"@executable_path/Frameworks",
				);
				MARKETING_VERSION = 1.0;
				PRODUCT_BUNDLE_IDENTIFIER = com.cem256.CoinAppSwiftUI;
				PRODUCT_NAME = "$(TARGET_NAME)";
				SUPPORTED_PLATFORMS = "iphoneos iphonesimulator";
				SUPPORTS_MACCATALYST = NO;
				SUPPORTS_MAC_DESIGNED_FOR_IPHONE_IPAD = NO;
				SWIFT_EMIT_LOC_STRINGS = YES;
				SWIFT_VERSION = 5.0;
				TARGETED_DEVICE_FAMILY = "1,2";
			};
			name = Release;
		};
/* End XCBuildConfiguration section */

/* Begin XCConfigurationList section */
		B2730BE62A94D17C0019F93A /* Build configuration list for PBXProject "CoinAppSwiftUI" */ = {
			isa = XCConfigurationList;
			buildConfigurations = (
				B2730BF72A94D17D0019F93A /* Debug */,
				B2730BF82A94D17D0019F93A /* Release */,
			);
			defaultConfigurationIsVisible = 0;
			defaultConfigurationName = Release;
		};
		B2730BF92A94D17D0019F93A /* Build configuration list for PBXNativeTarget "CoinAppSwiftUI" */ = {
			isa = XCConfigurationList;
			buildConfigurations = (
				B2730BFA2A94D17D0019F93A /* Debug */,
				B2730BFB2A94D17D0019F93A /* Release */,
			);
			defaultConfigurationIsVisible = 0;
			defaultConfigurationName = Release;
		};
/* End XCConfigurationList section */
	};
	rootObject = B2730BE32A94D17C0019F93A /* Project object */;
}
